// !$*UTF8*$!
{
	archiveVersion = 1;
	classes = {
	};
	objectVersion = 52;
	objects = {

/* Begin PBXBuildFile section */
		4018A6EF25CEFFB00080E80E /* LogService.swift in Sources */ = {isa = PBXBuildFile; fileRef = 4018A6EE25CEFFB00080E80E /* LogService.swift */; };
		4018A6FB25CF06950080E80E /* sample-lottie.json in Resources */ = {isa = PBXBuildFile; fileRef = 4018A6FA25CF06950080E80E /* sample-lottie.json */; };
		4024FE2325A3E205007E5337 /* GuildKitDemoApp.swift in Sources */ = {isa = PBXBuildFile; fileRef = 4024FE2225A3E205007E5337 /* GuildKitDemoApp.swift */; };
		4024FE2525A3E205007E5337 /* ContentView.swift in Sources */ = {isa = PBXBuildFile; fileRef = 4024FE2425A3E205007E5337 /* ContentView.swift */; };
		4024FE2725A3E207007E5337 /* Assets.xcassets in Resources */ = {isa = PBXBuildFile; fileRef = 4024FE2625A3E207007E5337 /* Assets.xcassets */; };
		4024FE2A25A3E207007E5337 /* Preview Assets.xcassets in Resources */ = {isa = PBXBuildFile; fileRef = 4024FE2925A3E207007E5337 /* Preview Assets.xcassets */; };
		40C2A1E22610FD3E001C49ED /* AppEnvironment.swift in Sources */ = {isa = PBXBuildFile; fileRef = 40C2A1E12610FD3E001C49ED /* AppEnvironment.swift */; };
		40C2A1E62610FF90001C49ED /* MultiSelectDemo.swift in Sources */ = {isa = PBXBuildFile; fileRef = 40C2A1E52610FF90001C49ED /* MultiSelectDemo.swift */; };
		F08EF15C26C5FB8E00CE5425 /* GuildKit in Frameworks */ = {isa = PBXBuildFile; productRef = F08EF15B26C5FB8E00CE5425 /* GuildKit */; };
/* End PBXBuildFile section */

/* Begin PBXFileReference section */
		4018A6EE25CEFFB00080E80E /* LogService.swift */ = {isa = PBXFileReference; lastKnownFileType = sourcecode.swift; path = LogService.swift; sourceTree = "<group>"; };
		4018A6FA25CF06950080E80E /* sample-lottie.json */ = {isa = PBXFileReference; fileEncoding = 4; lastKnownFileType = text.json; path = "sample-lottie.json"; sourceTree = "<group>"; };
		4024FE1F25A3E205007E5337 /* GuildKitDemo.app */ = {isa = PBXFileReference; explicitFileType = wrapper.application; includeInIndex = 0; path = GuildKitDemo.app; sourceTree = BUILT_PRODUCTS_DIR; };
		4024FE2225A3E205007E5337 /* GuildKitDemoApp.swift */ = {isa = PBXFileReference; lastKnownFileType = sourcecode.swift; path = GuildKitDemoApp.swift; sourceTree = "<group>"; };
		4024FE2425A3E205007E5337 /* ContentView.swift */ = {isa = PBXFileReference; lastKnownFileType = sourcecode.swift; path = ContentView.swift; sourceTree = "<group>"; };
		4024FE2625A3E207007E5337 /* Assets.xcassets */ = {isa = PBXFileReference; lastKnownFileType = folder.assetcatalog; path = Assets.xcassets; sourceTree = "<group>"; };
		4024FE2925A3E207007E5337 /* Preview Assets.xcassets */ = {isa = PBXFileReference; lastKnownFileType = folder.assetcatalog; path = "Preview Assets.xcassets"; sourceTree = "<group>"; };
		4024FE2B25A3E207007E5337 /* Info.plist */ = {isa = PBXFileReference; lastKnownFileType = text.plist.xml; path = Info.plist; sourceTree = "<group>"; };
		40C2A1E12610FD3E001C49ED /* AppEnvironment.swift */ = {isa = PBXFileReference; lastKnownFileType = sourcecode.swift; path = AppEnvironment.swift; sourceTree = "<group>"; };
		40C2A1E52610FF90001C49ED /* MultiSelectDemo.swift */ = {isa = PBXFileReference; lastKnownFileType = sourcecode.swift; path = MultiSelectDemo.swift; sourceTree = "<group>"; };
		F08EF16226C6074D00CE5425 /* GuildKit */ = {isa = PBXFileReference; lastKnownFileType = text; path = GuildKit; sourceTree = SOURCE_ROOT; };
/* End PBXFileReference section */

/* Begin PBXFrameworksBuildPhase section */
		4024FE1C25A3E205007E5337 /* Frameworks */ = {
			isa = PBXFrameworksBuildPhase;
			buildActionMask = 2147483647;
			files = (
				F08EF15C26C5FB8E00CE5425 /* GuildKit in Frameworks */,
			);
			runOnlyForDeploymentPostprocessing = 0;
		};
/* End PBXFrameworksBuildPhase section */

/* Begin PBXGroup section */
		4018A6F925CF068E0080E80E /* Resources */ = {
			isa = PBXGroup;
			children = (
				4018A6FA25CF06950080E80E /* sample-lottie.json */,
			);
			path = Resources;
			sourceTree = "<group>";
		};
		4024FE1625A3E205007E5337 = {
			isa = PBXGroup;
			children = (
				4024FE2125A3E205007E5337 /* GuildKitDemo */,
				4024FE2025A3E205007E5337 /* Products */,
			);
			sourceTree = "<group>";
		};
		4024FE2025A3E205007E5337 /* Products */ = {
			isa = PBXGroup;
			children = (
				4024FE1F25A3E205007E5337 /* GuildKitDemo.app */,
			);
			name = Products;
			sourceTree = "<group>";
		};
		4024FE2125A3E205007E5337 /* GuildKitDemo */ = {
			isa = PBXGroup;
			children = (
				F08EF16126C6074500CE5425 /* Frameworks */,
				40C2A1E42610FF85001C49ED /* Screen */,
				4018A6F925CF068E0080E80E /* Resources */,
				4024FE2225A3E205007E5337 /* GuildKitDemoApp.swift */,
				4024FE2425A3E205007E5337 /* ContentView.swift */,
				4024FE2625A3E207007E5337 /* Assets.xcassets */,
				4024FE2B25A3E207007E5337 /* Info.plist */,
				4024FE2825A3E207007E5337 /* Preview Content */,
				4018A6EE25CEFFB00080E80E /* LogService.swift */,
				40C2A1E12610FD3E001C49ED /* AppEnvironment.swift */,
			);
			path = GuildKitDemo;
			sourceTree = "<group>";
		};
		4024FE2825A3E207007E5337 /* Preview Content */ = {
			isa = PBXGroup;
			children = (
				4024FE2925A3E207007E5337 /* Preview Assets.xcassets */,
			);
			path = "Preview Content";
			sourceTree = "<group>";
		};
		40C2A1E42610FF85001C49ED /* Screen */ = {
			isa = PBXGroup;
			children = (
				40C2A1E52610FF90001C49ED /* MultiSelectDemo.swift */,
			);
			path = Screen;
			sourceTree = "<group>";
		};
		F08EF16126C6074500CE5425 /* Frameworks */ = {
			isa = PBXGroup;
			children = (
				F08EF16226C6074D00CE5425 /* GuildKit */,
			);
			path = Frameworks;
			sourceTree = "<group>";
		};
/* End PBXGroup section */

/* Begin PBXNativeTarget section */
		4024FE1E25A3E205007E5337 /* GuildKitDemo */ = {
			isa = PBXNativeTarget;
			buildConfigurationList = 4024FE2E25A3E207007E5337 /* Build configuration list for PBXNativeTarget "GuildKitDemo" */;
			buildPhases = (
				F01BB7AC27763AC900AE72C4 /* Swiftlint */,
				4024FE1B25A3E205007E5337 /* Sources */,
				4024FE1C25A3E205007E5337 /* Frameworks */,
				4024FE1D25A3E205007E5337 /* Resources */,
			);
			buildRules = (
			);
			dependencies = (
			);
			name = GuildKitDemo;
			packageProductDependencies = (
				F08EF15B26C5FB8E00CE5425 /* GuildKit */,
			);
			productName = GuildKitDemo;
			productReference = 4024FE1F25A3E205007E5337 /* GuildKitDemo.app */;
			productType = "com.apple.product-type.application";
		};
/* End PBXNativeTarget section */

/* Begin PBXProject section */
		4024FE1725A3E205007E5337 /* Project object */ = {
			isa = PBXProject;
			attributes = {
				LastSwiftUpdateCheck = 1230;
				LastUpgradeCheck = 1230;
				TargetAttributes = {
					4024FE1E25A3E205007E5337 = {
						CreatedOnToolsVersion = 12.3;
					};
				};
			};
			buildConfigurationList = 4024FE1A25A3E205007E5337 /* Build configuration list for PBXProject "GuildKitDemo" */;
			compatibilityVersion = "Xcode 9.3";
			developmentRegion = en;
			hasScannedForEncodings = 0;
			knownRegions = (
				en,
				Base,
			);
			mainGroup = 4024FE1625A3E205007E5337;
			packageReferences = (
			);
			productRefGroup = 4024FE2025A3E205007E5337 /* Products */;
			projectDirPath = "";
			projectRoot = "";
			targets = (
				4024FE1E25A3E205007E5337 /* GuildKitDemo */,
			);
		};
/* End PBXProject section */

/* Begin PBXResourcesBuildPhase section */
		4024FE1D25A3E205007E5337 /* Resources */ = {
			isa = PBXResourcesBuildPhase;
			buildActionMask = 2147483647;
			files = (
				4018A6FB25CF06950080E80E /* sample-lottie.json in Resources */,
				4024FE2A25A3E207007E5337 /* Preview Assets.xcassets in Resources */,
				4024FE2725A3E207007E5337 /* Assets.xcassets in Resources */,
			);
			runOnlyForDeploymentPostprocessing = 0;
		};
/* End PBXResourcesBuildPhase section */

/* Begin PBXShellScriptBuildPhase section */
		F01BB7AC27763AC900AE72C4 /* Swiftlint */ = {
			isa = PBXShellScriptBuildPhase;
			buildActionMask = 2147483647;
			files = (
			);
			inputFileListPaths = (
			);
			inputPaths = (
			);
			name = Swiftlint;
			outputFileListPaths = (
			);
			outputPaths = (
			);
			runOnlyForDeploymentPostprocessing = 0;
			shellPath = /bin/sh;
			shellScript = "if which swiftlint >/dev/null; then\n  swiftlint\nelse\n  echo \"warning: SwiftLint not installed, download from https://github.com/realm/SwiftLint\"\nfi\n";
		};
/* End PBXShellScriptBuildPhase section */

/* Begin PBXSourcesBuildPhase section */
		4024FE1B25A3E205007E5337 /* Sources */ = {
			isa = PBXSourcesBuildPhase;
			buildActionMask = 2147483647;
			files = (
				4024FE2525A3E205007E5337 /* ContentView.swift in Sources */,
				40C2A1E62610FF90001C49ED /* MultiSelectDemo.swift in Sources */,
				40C2A1E22610FD3E001C49ED /* AppEnvironment.swift in Sources */,
				4018A6EF25CEFFB00080E80E /* LogService.swift in Sources */,
				4024FE2325A3E205007E5337 /* GuildKitDemoApp.swift in Sources */,
			);
			runOnlyForDeploymentPostprocessing = 0;
		};
/* End PBXSourcesBuildPhase section */

/* Begin XCBuildConfiguration section */
		4024FE2C25A3E207007E5337 /* Debug */ = {
			isa = XCBuildConfiguration;
			buildSettings = {
				ALWAYS_SEARCH_USER_PATHS = NO;
				CLANG_ANALYZER_NONNULL = YES;
				CLANG_ANALYZER_NUMBER_OBJECT_CONVERSION = YES_AGGRESSIVE;
				CLANG_CXX_LANGUAGE_STANDARD = "gnu++14";
				CLANG_CXX_LIBRARY = "libc++";
				CLANG_ENABLE_MODULES = YES;
				CLANG_ENABLE_OBJC_ARC = YES;
				CLANG_ENABLE_OBJC_WEAK = YES;
				CLANG_WARN_BLOCK_CAPTURE_AUTORELEASING = YES;
				CLANG_WARN_BOOL_CONVERSION = YES;
				CLANG_WARN_COMMA = YES;
				CLANG_WARN_CONSTANT_CONVERSION = YES;
				CLANG_WARN_DEPRECATED_OBJC_IMPLEMENTATIONS = YES;
				CLANG_WARN_DIRECT_OBJC_ISA_USAGE = YES_ERROR;
				CLANG_WARN_DOCUMENTATION_COMMENTS = YES;
				CLANG_WARN_EMPTY_BODY = YES;
				CLANG_WARN_ENUM_CONVERSION = YES;
				CLANG_WARN_INFINITE_RECURSION = YES;
				CLANG_WARN_INT_CONVERSION = YES;
				CLANG_WARN_NON_LITERAL_NULL_CONVERSION = YES;
				CLANG_WARN_OBJC_IMPLICIT_RETAIN_SELF = YES;
				CLANG_WARN_OBJC_LITERAL_CONVERSION = YES;
				CLANG_WARN_OBJC_ROOT_CLASS = YES_ERROR;
				CLANG_WARN_QUOTED_INCLUDE_IN_FRAMEWORK_HEADER = YES;
				CLANG_WARN_RANGE_LOOP_ANALYSIS = YES;
				CLANG_WARN_STRICT_PROTOTYPES = YES;
				CLANG_WARN_SUSPICIOUS_MOVE = YES;
				CLANG_WARN_UNGUARDED_AVAILABILITY = YES_AGGRESSIVE;
				CLANG_WARN_UNREACHABLE_CODE = YES;
				CLANG_WARN__DUPLICATE_METHOD_MATCH = YES;
				COPY_PHASE_STRIP = NO;
				DEBUG_INFORMATION_FORMAT = dwarf;
				ENABLE_STRICT_OBJC_MSGSEND = YES;
				ENABLE_TESTABILITY = YES;
				GCC_C_LANGUAGE_STANDARD = gnu11;
				GCC_DYNAMIC_NO_PIC = NO;
				GCC_NO_COMMON_BLOCKS = YES;
				GCC_OPTIMIZATION_LEVEL = 0;
				GCC_PREPROCESSOR_DEFINITIONS = (
					"DEBUG=1",
					"$(inherited)",
				);
				GCC_WARN_64_TO_32_BIT_CONVERSION = YES;
				GCC_WARN_ABOUT_RETURN_TYPE = YES_ERROR;
				GCC_WARN_UNDECLARED_SELECTOR = YES;
				GCC_WARN_UNINITIALIZED_AUTOS = YES_AGGRESSIVE;
				GCC_WARN_UNUSED_FUNCTION = YES;
				GCC_WARN_UNUSED_VARIABLE = YES;
				IPHONEOS_DEPLOYMENT_TARGET = 14.3;
				MTL_ENABLE_DEBUG_INFO = INCLUDE_SOURCE;
				MTL_FAST_MATH = YES;
				ONLY_ACTIVE_ARCH = YES;
				SDKROOT = iphoneos;
				SWIFT_ACTIVE_COMPILATION_CONDITIONS = DEBUG;
				SWIFT_OPTIMIZATION_LEVEL = "-Onone";
			};
			name = Debug;
		};
		4024FE2D25A3E207007E5337 /* Release */ = {
			isa = XCBuildConfiguration;
			buildSettings = {
				ALWAYS_SEARCH_USER_PATHS = NO;
				CLANG_ANALYZER_NONNULL = YES;
				CLANG_ANALYZER_NUMBER_OBJECT_CONVERSION = YES_AGGRESSIVE;
				CLANG_CXX_LANGUAGE_STANDARD = "gnu++14";
				CLANG_CXX_LIBRARY = "libc++";
				CLANG_ENABLE_MODULES = YES;
				CLANG_ENABLE_OBJC_ARC = YES;
				CLANG_ENABLE_OBJC_WEAK = YES;
				CLANG_WARN_BLOCK_CAPTURE_AUTORELEASING = YES;
				CLANG_WARN_BOOL_CONVERSION = YES;
				CLANG_WARN_COMMA = YES;
				CLANG_WARN_CONSTANT_CONVERSION = YES;
				CLANG_WARN_DEPRECATED_OBJC_IMPLEMENTATIONS = YES;
				CLANG_WARN_DIRECT_OBJC_ISA_USAGE = YES_ERROR;
				CLANG_WARN_DOCUMENTATION_COMMENTS = YES;
				CLANG_WARN_EMPTY_BODY = YES;
				CLANG_WARN_ENUM_CONVERSION = YES;
				CLANG_WARN_INFINITE_RECURSION = YES;
				CLANG_WARN_INT_CONVERSION = YES;
				CLANG_WARN_NON_LITERAL_NULL_CONVERSION = YES;
				CLANG_WARN_OBJC_IMPLICIT_RETAIN_SELF = YES;
				CLANG_WARN_OBJC_LITERAL_CONVERSION = YES;
				CLANG_WARN_OBJC_ROOT_CLASS = YES_ERROR;
				CLANG_WARN_QUOTED_INCLUDE_IN_FRAMEWORK_HEADER = YES;
				CLANG_WARN_RANGE_LOOP_ANALYSIS = YES;
				CLANG_WARN_STRICT_PROTOTYPES = YES;
				CLANG_WARN_SUSPICIOUS_MOVE = YES;
				CLANG_WARN_UNGUARDED_AVAILABILITY = YES_AGGRESSIVE;
				CLANG_WARN_UNREACHABLE_CODE = YES;
				CLANG_WARN__DUPLICATE_METHOD_MATCH = YES;
				COPY_PHASE_STRIP = NO;
				DEBUG_INFORMATION_FORMAT = "dwarf-with-dsym";
				ENABLE_NS_ASSERTIONS = NO;
				ENABLE_STRICT_OBJC_MSGSEND = YES;
				GCC_C_LANGUAGE_STANDARD = gnu11;
				GCC_NO_COMMON_BLOCKS = YES;
				GCC_WARN_64_TO_32_BIT_CONVERSION = YES;
				GCC_WARN_ABOUT_RETURN_TYPE = YES_ERROR;
				GCC_WARN_UNDECLARED_SELECTOR = YES;
				GCC_WARN_UNINITIALIZED_AUTOS = YES_AGGRESSIVE;
				GCC_WARN_UNUSED_FUNCTION = YES;
				GCC_WARN_UNUSED_VARIABLE = YES;
				IPHONEOS_DEPLOYMENT_TARGET = 14.3;
				MTL_ENABLE_DEBUG_INFO = NO;
				MTL_FAST_MATH = YES;
				SDKROOT = iphoneos;
				SWIFT_COMPILATION_MODE = wholemodule;
				SWIFT_OPTIMIZATION_LEVEL = "-O";
				VALIDATE_PRODUCT = YES;
			};
			name = Release;
		};
		4024FE2F25A3E207007E5337 /* Debug */ = {
			isa = XCBuildConfiguration;
			buildSettings = {
				ASSETCATALOG_COMPILER_APPICON_NAME = AppIcon;
				ASSETCATALOG_COMPILER_GLOBAL_ACCENT_COLOR_NAME = AccentColor;
				CODE_SIGN_IDENTITY = "iPhone Developer";
				CODE_SIGN_STYLE = Manual;
				DEVELOPMENT_ASSET_PATHS = "\"GuildKitDemo/Preview Content\"";
				DEVELOPMENT_TEAM = 28HAX9NHD8;
				ENABLE_PREVIEWS = YES;
				INFOPLIST_FILE = GuildKitDemo/Info.plist;
				IPHONEOS_DEPLOYMENT_TARGET = 14.0;
				LD_RUNPATH_SEARCH_PATHS = (
					"$(inherited)",
					"@executable_path/Frameworks",
				);
				PRODUCT_BUNDLE_IDENTIFIER = com.jpmcglone.GuildKitDemo;
				PRODUCT_NAME = "$(TARGET_NAME)";
				PROVISIONING_PROFILE_SPECIFIER = "match Development com.jpmcglone.GuildKitDemo";
				SWIFT_VERSION = 5.0;
				TARGETED_DEVICE_FAMILY = "1,2";
			};
			name = Debug;
		};
		4024FE3025A3E207007E5337 /* Release */ = {
			isa = XCBuildConfiguration;
			buildSettings = {
				ASSETCATALOG_COMPILER_APPICON_NAME = AppIcon;
				ASSETCATALOG_COMPILER_GLOBAL_ACCENT_COLOR_NAME = AccentColor;
				CODE_SIGN_IDENTITY = "iPhone Developer";
				CODE_SIGN_STYLE = Manual;
				DEVELOPMENT_ASSET_PATHS = "\"GuildKitDemo/Preview Content\"";
				DEVELOPMENT_TEAM = 28HAX9NHD8;
				ENABLE_PREVIEWS = YES;
				INFOPLIST_FILE = GuildKitDemo/Info.plist;
				IPHONEOS_DEPLOYMENT_TARGET = 14.0;
				LD_RUNPATH_SEARCH_PATHS = (
					"$(inherited)",
					"@executable_path/Frameworks",
				);
				PRODUCT_BUNDLE_IDENTIFIER = com.jpmcglone.GuildKitDemo;
				PRODUCT_NAME = "$(TARGET_NAME)";
				PROVISIONING_PROFILE_SPECIFIER = "match Development com.jpmcglone.GuildKitDemo";
				SWIFT_VERSION = 5.0;
				TARGETED_DEVICE_FAMILY = "1,2";
			};
			name = Release;
		};
/* End XCBuildConfiguration section */

/* Begin XCConfigurationList section */
		4024FE1A25A3E205007E5337 /* Build configuration list for PBXProject "GuildKitDemo" */ = {
			isa = XCConfigurationList;
			buildConfigurations = (
				4024FE2C25A3E207007E5337 /* Debug */,
				4024FE2D25A3E207007E5337 /* Release */,
			);
			defaultConfigurationIsVisible = 0;
			defaultConfigurationName = Release;
		};
		4024FE2E25A3E207007E5337 /* Build configuration list for PBXNativeTarget "GuildKitDemo" */ = {
			isa = XCConfigurationList;
			buildConfigurations = (
				4024FE2F25A3E207007E5337 /* Debug */,
				4024FE3025A3E207007E5337 /* Release */,
			);
			defaultConfigurationIsVisible = 0;
			defaultConfigurationName = Release;
		};
/* End XCConfigurationList section */

/* Begin XCSwiftPackageProductDependency section */
		F08EF15B26C5FB8E00CE5425 /* GuildKit */ = {
			isa = XCSwiftPackageProductDependency;
			productName = GuildKit;
		};
/* End XCSwiftPackageProductDependency section */
	};
	rootObject = 4024FE1725A3E205007E5337 /* Project object */;
}
