PODS:
  - GuildKit (0.1.0):
    - lottie-ios
  - lottie-ios (3.2.3)

DEPENDENCIES:
  - GuildKit (from `../GuildKit`)

SPEC REPOS:
  https://github.com/CocoaPods/Specs.git:
    - lottie-ios

EXTERNAL SOURCES:
  GuildKit:
    :path: "../GuildKit"

SPEC CHECKSUMS:
  GuildKit: 4599fcdc09a6bf1de839212ff905ed31072ee8b6
  lottie-ios: c058aeafa76daa4cf64d773554bccc8385d0150e

PODFILE CHECKSUM: 7e9d9060bce87e3034da1a00a32dab828ce12a62

COCOAPODS: 1.10.1
