// !$*UTF8*$!
{
	archiveVersion = 1;
	classes = {
	};
	objectVersion = 51;
	objects = {

/* Begin PBXBuildFile section */
		05FA1742B9209C8FB2C76F61 /* Pods_LightsOut.framework in Frameworks */ = {isa = PBXBuildFile; fileRef = 35F9E4D4F1D2AE8EA1E5334A /* Pods_LightsOut.framework */; };
		4044794325D8899200F3E87C /* LightsOutApp.swift in Sources */ = {isa = PBXBuildFile; fileRef = 4044794225D8899200F3E87C /* LightsOutApp.swift */; };
		4044794525D8899200F3E87C /* GameView.swift in Sources */ = {isa = PBXBuildFile; fileRef = 4044794425D8899200F3E87C /* GameView.swift */; };
		4044794725D8899300F3E87C /* Assets.xcassets in Resources */ = {isa = PBXBuildFile; fileRef = 4044794625D8899300F3E87C /* Assets.xcassets */; };
		4044794A25D8899300F3E87C /* Preview Assets.xcassets in Resources */ = {isa = PBXBuildFile; fileRef = 4044794925D8899300F3E87C /* Preview Assets.xcassets */; };
		4044795925D88A9200F3E87C /* Game.swift in Sources */ = {isa = PBXBuildFile; fileRef = 4044795825D88A9200F3E87C /* Game.swift */; };
		4044795E25D89B3700F3E87C /* GameLight.swift in Sources */ = {isa = PBXBuildFile; fileRef = 4044795D25D89B3600F3E87C /* GameLight.swift */; };
/* End PBXBuildFile section */

/* Begin PBXFileReference section */
		276B46AA4E768B535B0F6FE3 /* Pods-LightsOut.release.xcconfig */ = {isa = PBXFileReference; includeInIndex = 1; lastKnownFileType = text.xcconfig; name = "Pods-LightsOut.release.xcconfig"; path = "Target Support Files/Pods-LightsOut/Pods-LightsOut.release.xcconfig"; sourceTree = "<group>"; };
		35F9E4D4F1D2AE8EA1E5334A /* Pods_LightsOut.framework */ = {isa = PBXFileReference; explicitFileType = wrapper.framework; includeInIndex = 0; path = Pods_LightsOut.framework; sourceTree = BUILT_PRODUCTS_DIR; };
		4044793F25D8899200F3E87C /* LightsOut.app */ = {isa = PBXFileReference; explicitFileType = wrapper.application; includeInIndex = 0; path = LightsOut.app; sourceTree = BUILT_PRODUCTS_DIR; };
		4044794225D8899200F3E87C /* LightsOutApp.swift */ = {isa = PBXFileReference; lastKnownFileType = sourcecode.swift; path = LightsOutApp.swift; sourceTree = "<group>"; };
		4044794425D8899200F3E87C /* GameView.swift */ = {isa = PBXFileReference; lastKnownFileType = sourcecode.swift; path = GameView.swift; sourceTree = "<group>"; };
		4044794625D8899300F3E87C /* Assets.xcassets */ = {isa = PBXFileReference; lastKnownFileType = folder.assetcatalog; path = Assets.xcassets; sourceTree = "<group>"; };
		4044794925D8899300F3E87C /* Preview Assets.xcassets */ = {isa = PBXFileReference; lastKnownFileType = folder.assetcatalog; path = "Preview Assets.xcassets"; sourceTree = "<group>"; };
		4044794B25D8899300F3E87C /* Info.plist */ = {isa = PBXFileReference; lastKnownFileType = text.plist.xml; path = Info.plist; sourceTree = "<group>"; };
		4044795825D88A9200F3E87C /* Game.swift */ = {isa = PBXFileReference; lastKnownFileType = sourcecode.swift; path = Game.swift; sourceTree = "<group>"; };
		4044795D25D89B3600F3E87C /* GameLight.swift */ = {isa = PBXFileReference; lastKnownFileType = sourcecode.swift; path = GameLight.swift; sourceTree = "<group>"; };
		92AE40568F9DFDF8B76D08A8 /* Pods-LightsOut.debug.xcconfig */ = {isa = PBXFileReference; includeInIndex = 1; lastKnownFileType = text.xcconfig; name = "Pods-LightsOut.debug.xcconfig"; path = "Target Support Files/Pods-LightsOut/Pods-LightsOut.debug.xcconfig"; sourceTree = "<group>"; };
/* End PBXFileReference section */

/* Begin PBXFrameworksBuildPhase section */
		4044793C25D8899200F3E87C /* Frameworks */ = {
			isa = PBXFrameworksBuildPhase;
			buildActionMask = 2147483647;
			files = (
				05FA1742B9209C8FB2C76F61 /* Pods_LightsOut.framework in Frameworks */,
			);
			runOnlyForDeploymentPostprocessing = 0;
		};
/* End PBXFrameworksBuildPhase section */

/* Begin PBXGroup section */
		223118FCF645C52AC8F70EB1 /* Frameworks */ = {
			isa = PBXGroup;
			children = (
				35F9E4D4F1D2AE8EA1E5334A /* Pods_LightsOut.framework */,
			);
			name = Frameworks;
			sourceTree = "<group>";
		};
		2AA9891F1FF06F5AA7DE5E01 /* Pods */ = {
			isa = PBXGroup;
			children = (
				92AE40568F9DFDF8B76D08A8 /* Pods-LightsOut.debug.xcconfig */,
				276B46AA4E768B535B0F6FE3 /* Pods-LightsOut.release.xcconfig */,
			);
			path = Pods;
			sourceTree = "<group>";
		};
		4044793625D8899200F3E87C = {
			isa = PBXGroup;
			children = (
				4044794125D8899200F3E87C /* LightsOut */,
				4044794025D8899200F3E87C /* Products */,
				2AA9891F1FF06F5AA7DE5E01 /* Pods */,
				223118FCF645C52AC8F70EB1 /* Frameworks */,
			);
			sourceTree = "<group>";
		};
		4044794025D8899200F3E87C /* Products */ = {
			isa = PBXGroup;
			children = (
				4044793F25D8899200F3E87C /* LightsOut.app */,
			);
			name = Products;
			sourceTree = "<group>";
		};
		4044794125D8899200F3E87C /* LightsOut */ = {
			isa = PBXGroup;
			children = (
				4044795C25D89B2800F3E87C /* Components */,
				4044794225D8899200F3E87C /* LightsOutApp.swift */,
				4044794425D8899200F3E87C /* GameView.swift */,
				4044794625D8899300F3E87C /* Assets.xcassets */,
				4044794B25D8899300F3E87C /* Info.plist */,
				4044794825D8899300F3E87C /* Preview Content */,
				4044795825D88A9200F3E87C /* Game.swift */,
			);
			path = LightsOut;
			sourceTree = "<group>";
		};
		4044794825D8899300F3E87C /* Preview Content */ = {
			isa = PBXGroup;
			children = (
				4044794925D8899300F3E87C /* Preview Assets.xcassets */,
			);
			path = "Preview Content";
			sourceTree = "<group>";
		};
		4044795C25D89B2800F3E87C /* Components */ = {
			isa = PBXGroup;
			children = (
				4044795D25D89B3600F3E87C /* GameLight.swift */,
			);
			path = Components;
			sourceTree = "<group>";
		};
/* End PBXGroup section */

/* Begin PBXNativeTarget section */
		4044793E25D8899200F3E87C /* LightsOut */ = {
			isa = PBXNativeTarget;
			buildConfigurationList = 4044794E25D8899300F3E87C /* Build configuration list for PBXNativeTarget "LightsOut" */;
			buildPhases = (
				344174F3BE8C3AC78392A1B3 /* [CP] Check Pods Manifest.lock */,
				4044793B25D8899200F3E87C /* Sources */,
				4044793C25D8899200F3E87C /* Frameworks */,
				4044793D25D8899200F3E87C /* Resources */,
				BB34D4A0D98B8CFD2DEC00DD /* [CP] Embed Pods Frameworks */,
			);
			buildRules = (
			);
			dependencies = (
			);
			name = LightsOut;
			productName = LightsOut;
			productReference = 4044793F25D8899200F3E87C /* LightsOut.app */;
			productType = "com.apple.product-type.application";
		};
/* End PBXNativeTarget section */

/* Begin PBXProject section */
		4044793725D8899200F3E87C /* Project object */ = {
			isa = PBXProject;
			attributes = {
				LastSwiftUpdateCheck = 1240;
				LastUpgradeCheck = 1240;
				TargetAttributes = {
					4044793E25D8899200F3E87C = {
						CreatedOnToolsVersion = 12.4;
					};
				};
			};
			buildConfigurationList = 4044793A25D8899200F3E87C /* Build configuration list for PBXProject "LightsOut" */;
			compatibilityVersion = "Xcode 9.3";
			developmentRegion = en;
			hasScannedForEncodings = 0;
			knownRegions = (
				en,
				Base,
			);
			mainGroup = 4044793625D8899200F3E87C;
			productRefGroup = 4044794025D8899200F3E87C /* Products */;
			projectDirPath = "";
			projectRoot = "";
			targets = (
				4044793E25D8899200F3E87C /* LightsOut */,
			);
		};
/* End PBXProject section */

/* Begin PBXResourcesBuildPhase section */
		4044793D25D8899200F3E87C /* Resources */ = {
			isa = PBXResourcesBuildPhase;
			buildActionMask = 2147483647;
			files = (
				4044794A25D8899300F3E87C /* Preview Assets.xcassets in Resources */,
				4044794725D8899300F3E87C /* Assets.xcassets in Resources */,
			);
			runOnlyForDeploymentPostprocessing = 0;
		};
/* End PBXResourcesBuildPhase section */

/* Begin PBXShellScriptBuildPhase section */
		344174F3BE8C3AC78392A1B3 /* [CP] Check Pods Manifest.lock */ = {
			isa = PBXShellScriptBuildPhase;
			buildActionMask = 2147483647;
			files = (
			);
			inputFileListPaths = (
			);
			inputPaths = (
				"${PODS_PODFILE_DIR_PATH}/Podfile.lock",
				"${PODS_ROOT}/Manifest.lock",
			);
			name = "[CP] Check Pods Manifest.lock";
			outputFileListPaths = (
			);
			outputPaths = (
				"$(DERIVED_FILE_DIR)/Pods-LightsOut-checkManifestLockResult.txt",
			);
			runOnlyForDeploymentPostprocessing = 0;
			shellPath = /bin/sh;
			shellScript = "diff \"${PODS_PODFILE_DIR_PATH}/Podfile.lock\" \"${PODS_ROOT}/Manifest.lock\" > /dev/null\nif [ $? != 0 ] ; then\n    # print error to STDERR\n    echo \"error: The sandbox is not in sync with the Podfile.lock. Run 'pod install' or update your CocoaPods installation.\" >&2\n    exit 1\nfi\n# This output is used by Xcode 'outputs' to avoid re-running this script phase.\necho \"SUCCESS\" > \"${SCRIPT_OUTPUT_FILE_0}\"\n";
			showEnvVarsInLog = 0;
		};
		BB34D4A0D98B8CFD2DEC00DD /* [CP] Embed Pods Frameworks */ = {
			isa = PBXShellScriptBuildPhase;
			buildActionMask = 2147483647;
			files = (
			);
			inputFileListPaths = (
				"${PODS_ROOT}/Target Support Files/Pods-LightsOut/Pods-LightsOut-frameworks-${CONFIGURATION}-input-files.xcfilelist",
			);
			name = "[CP] Embed Pods Frameworks";
			outputFileListPaths = (
				"${PODS_ROOT}/Target Support Files/Pods-LightsOut/Pods-LightsOut-frameworks-${CONFIGURATION}-output-files.xcfilelist",
			);
			runOnlyForDeploymentPostprocessing = 0;
			shellPath = /bin/sh;
			shellScript = "\"${PODS_ROOT}/Target Support Files/Pods-LightsOut/Pods-LightsOut-frameworks.sh\"\n";
			showEnvVarsInLog = 0;
		};
/* End PBXShellScriptBuildPhase section */

/* Begin PBXSourcesBuildPhase section */
		4044793B25D8899200F3E87C /* Sources */ = {
			isa = PBXSourcesBuildPhase;
			buildActionMask = 2147483647;
			files = (
				4044795E25D89B3700F3E87C /* GameLight.swift in Sources */,
				4044794525D8899200F3E87C /* GameView.swift in Sources */,
				4044795925D88A9200F3E87C /* Game.swift in Sources */,
				4044794325D8899200F3E87C /* LightsOutApp.swift in Sources */,
			);
			runOnlyForDeploymentPostprocessing = 0;
		};
/* End PBXSourcesBuildPhase section */

/* Begin XCBuildConfiguration section */
		4044794C25D8899300F3E87C /* Debug */ = {
			isa = XCBuildConfiguration;
			buildSettings = {
				ALWAYS_SEARCH_USER_PATHS = NO;
				CLANG_ANALYZER_NONNULL = YES;
				CLANG_ANALYZER_NUMBER_OBJECT_CONVERSION = YES_AGGRESSIVE;
				CLANG_CXX_LANGUAGE_STANDARD = "gnu++14";
				CLANG_CXX_LIBRARY = "libc++";
				CLANG_ENABLE_MODULES = YES;
				CLANG_ENABLE_OBJC_ARC = YES;
				CLANG_ENABLE_OBJC_WEAK = YES;
				CLANG_WARN_BLOCK_CAPTURE_AUTORELEASING = YES;
				CLANG_WARN_BOOL_CONVERSION = YES;
				CLANG_WARN_COMMA = YES;
				CLANG_WARN_CONSTANT_CONVERSION = YES;
				CLANG_WARN_DEPRECATED_OBJC_IMPLEMENTATIONS = YES;
				CLANG_WARN_DIRECT_OBJC_ISA_USAGE = YES_ERROR;
				CLANG_WARN_DOCUMENTATION_COMMENTS = YES;
				CLANG_WARN_EMPTY_BODY = YES;
				CLANG_WARN_ENUM_CONVERSION = YES;
				CLANG_WARN_INFINITE_RECURSION = YES;
				CLANG_WARN_INT_CONVERSION = YES;
				CLANG_WARN_NON_LITERAL_NULL_CONVERSION = YES;
				CLANG_WARN_OBJC_IMPLICIT_RETAIN_SELF = YES;
				CLANG_WARN_OBJC_LITERAL_CONVERSION = YES;
				CLANG_WARN_OBJC_ROOT_CLASS = YES_ERROR;
				CLANG_WARN_QUOTED_INCLUDE_IN_FRAMEWORK_HEADER = YES;
				CLANG_WARN_RANGE_LOOP_ANALYSIS = YES;
				CLANG_WARN_STRICT_PROTOTYPES = YES;
				CLANG_WARN_SUSPICIOUS_MOVE = YES;
				CLANG_WARN_UNGUARDED_AVAILABILITY = YES_AGGRESSIVE;
				CLANG_WARN_UNREACHABLE_CODE = YES;
				CLANG_WARN__DUPLICATE_METHOD_MATCH = YES;
				COPY_PHASE_STRIP = NO;
				DEBUG_INFORMATION_FORMAT = dwarf;
				ENABLE_STRICT_OBJC_MSGSEND = YES;
				ENABLE_TESTABILITY = YES;
				GCC_C_LANGUAGE_STANDARD = gnu11;
				GCC_DYNAMIC_NO_PIC = NO;
				GCC_NO_COMMON_BLOCKS = YES;
				GCC_OPTIMIZATION_LEVEL = 0;
				GCC_PREPROCESSOR_DEFINITIONS = (
					"DEBUG=1",
					"$(inherited)",
				);
				GCC_WARN_64_TO_32_BIT_CONVERSION = YES;
				GCC_WARN_ABOUT_RETURN_TYPE = YES_ERROR;
				GCC_WARN_UNDECLARED_SELECTOR = YES;
				GCC_WARN_UNINITIALIZED_AUTOS = YES_AGGRESSIVE;
				GCC_WARN_UNUSED_FUNCTION = YES;
				GCC_WARN_UNUSED_VARIABLE = YES;
				IPHONEOS_DEPLOYMENT_TARGET = 14.4;
				MTL_ENABLE_DEBUG_INFO = INCLUDE_SOURCE;
				MTL_FAST_MATH = YES;
				ONLY_ACTIVE_ARCH = YES;
				SDKROOT = iphoneos;
				SWIFT_ACTIVE_COMPILATION_CONDITIONS = DEBUG;
				SWIFT_OPTIMIZATION_LEVEL = "-Onone";
			};
			name = Debug;
		};
		4044794D25D8899300F3E87C /* Release */ = {
			isa = XCBuildConfiguration;
			buildSettings = {
				ALWAYS_SEARCH_USER_PATHS = NO;
				CLANG_ANALYZER_NONNULL = YES;
				CLANG_ANALYZER_NUMBER_OBJECT_CONVERSION = YES_AGGRESSIVE;
				CLANG_CXX_LANGUAGE_STANDARD = "gnu++14";
				CLANG_CXX_LIBRARY = "libc++";
				CLANG_ENABLE_MODULES = YES;
				CLANG_ENABLE_OBJC_ARC = YES;
				CLANG_ENABLE_OBJC_WEAK = YES;
				CLANG_WARN_BLOCK_CAPTURE_AUTORELEASING = YES;
				CLANG_WARN_BOOL_CONVERSION = YES;
				CLANG_WARN_COMMA = YES;
				CLANG_WARN_CONSTANT_CONVERSION = YES;
				CLANG_WARN_DEPRECATED_OBJC_IMPLEMENTATIONS = YES;
				CLANG_WARN_DIRECT_OBJC_ISA_USAGE = YES_ERROR;
				CLANG_WARN_DOCUMENTATION_COMMENTS = YES;
				CLANG_WARN_EMPTY_BODY = YES;
				CLANG_WARN_ENUM_CONVERSION = YES;
				CLANG_WARN_INFINITE_RECURSION = YES;
				CLANG_WARN_INT_CONVERSION = YES;
				CLANG_WARN_NON_LITERAL_NULL_CONVERSION = YES;
				CLANG_WARN_OBJC_IMPLICIT_RETAIN_SELF = YES;
				CLANG_WARN_OBJC_LITERAL_CONVERSION = YES;
				CLANG_WARN_OBJC_ROOT_CLASS = YES_ERROR;
				CLANG_WARN_QUOTED_INCLUDE_IN_FRAMEWORK_HEADER = YES;
				CLANG_WARN_RANGE_LOOP_ANALYSIS = YES;
				CLANG_WARN_STRICT_PROTOTYPES = YES;
				CLANG_WARN_SUSPICIOUS_MOVE = YES;
				CLANG_WARN_UNGUARDED_AVAILABILITY = YES_AGGRESSIVE;
				CLANG_WARN_UNREACHABLE_CODE = YES;
				CLANG_WARN__DUPLICATE_METHOD_MATCH = YES;
				COPY_PHASE_STRIP = NO;
				DEBUG_INFORMATION_FORMAT = "dwarf-with-dsym";
				ENABLE_NS_ASSERTIONS = NO;
				ENABLE_STRICT_OBJC_MSGSEND = YES;
				GCC_C_LANGUAGE_STANDARD = gnu11;
				GCC_NO_COMMON_BLOCKS = YES;
				GCC_WARN_64_TO_32_BIT_CONVERSION = YES;
				GCC_WARN_ABOUT_RETURN_TYPE = YES_ERROR;
				GCC_WARN_UNDECLARED_SELECTOR = YES;
				GCC_WARN_UNINITIALIZED_AUTOS = YES_AGGRESSIVE;
				GCC_WARN_UNUSED_FUNCTION = YES;
				GCC_WARN_UNUSED_VARIABLE = YES;
				IPHONEOS_DEPLOYMENT_TARGET = 14.4;
				MTL_ENABLE_DEBUG_INFO = NO;
				MTL_FAST_MATH = YES;
				SDKROOT = iphoneos;
				SWIFT_COMPILATION_MODE = wholemodule;
				SWIFT_OPTIMIZATION_LEVEL = "-O";
				VALIDATE_PRODUCT = YES;
			};
			name = Release;
		};
		4044794F25D8899300F3E87C /* Debug */ = {
			isa = XCBuildConfiguration;
			baseConfigurationReference = 92AE40568F9DFDF8B76D08A8 /* Pods-LightsOut.debug.xcconfig */;
			buildSettings = {
				ASSETCATALOG_COMPILER_APPICON_NAME = AppIcon;
				ASSETCATALOG_COMPILER_GLOBAL_ACCENT_COLOR_NAME = AccentColor;
				CODE_SIGN_STYLE = Automatic;
				DEVELOPMENT_ASSET_PATHS = "\"LightsOut/Preview Content\"";
				DEVELOPMENT_TEAM = 28HAX9NHD8;
				ENABLE_PREVIEWS = YES;
				INFOPLIST_FILE = LightsOut/Info.plist;
				IPHONEOS_DEPLOYMENT_TARGET = 14.0;
				LD_RUNPATH_SEARCH_PATHS = (
					"$(inherited)",
					"@executable_path/Frameworks",
				);
				PRODUCT_BUNDLE_IDENTIFIER = com.jpmcglone.LightsOut;
				PRODUCT_NAME = "$(TARGET_NAME)";
				SWIFT_VERSION = 5.0;
				TARGETED_DEVICE_FAMILY = "1,2";
			};
			name = Debug;
		};
		4044795025D8899300F3E87C /* Release */ = {
			isa = XCBuildConfiguration;
			baseConfigurationReference = 276B46AA4E768B535B0F6FE3 /* Pods-LightsOut.release.xcconfig */;
			buildSettings = {
				ASSETCATALOG_COMPILER_APPICON_NAME = AppIcon;
				ASSETCATALOG_COMPILER_GLOBAL_ACCENT_COLOR_NAME = AccentColor;
				CODE_SIGN_STYLE = Automatic;
				DEVELOPMENT_ASSET_PATHS = "\"LightsOut/Preview Content\"";
				DEVELOPMENT_TEAM = 28HAX9NHD8;
				ENABLE_PREVIEWS = YES;
				INFOPLIST_FILE = LightsOut/Info.plist;
				IPHONEOS_DEPLOYMENT_TARGET = 14.0;
				LD_RUNPATH_SEARCH_PATHS = (
					"$(inherited)",
					"@executable_path/Frameworks",
				);
				PRODUCT_BUNDLE_IDENTIFIER = com.jpmcglone.LightsOut;
				PRODUCT_NAME = "$(TARGET_NAME)";
				SWIFT_VERSION = 5.0;
				TARGETED_DEVICE_FAMILY = "1,2";
			};
			name = Release;
		};
/* End XCBuildConfiguration section */

/* Begin XCConfigurationList section */
		4044793A25D8899200F3E87C /* Build configuration list for PBXProject "LightsOut" */ = {
			isa = XCConfigurationList;
			buildConfigurations = (
				4044794C25D8899300F3E87C /* Debug */,
				4044794D25D8899300F3E87C /* Release */,
			);
			defaultConfigurationIsVisible = 0;
			defaultConfigurationName = Release;
		};
		4044794E25D8899300F3E87C /* Build configuration list for PBXNativeTarget "LightsOut" */ = {
			isa = XCConfigurationList;
			buildConfigurations = (
				4044794F25D8899300F3E87C /* Debug */,
				4044795025D8899300F3E87C /* Release */,
			);
			defaultConfigurationIsVisible = 0;
			defaultConfigurationName = Release;
		};
/* End XCConfigurationList section */
	};
	rootObject = 4044793725D8899200F3E87C /* Project object */;
}
